{
  "version": 4,
  "terraform_version": "1.7.2",
  "serial": 16,
  "lineage": "82b2cc73-23ae-27cd-cb6f-f34a59e939e0",
  "outputs": {
    "apigw_endpoint": {
      "value": "https://ch2bmwijk4.execute-api.us-east-1.amazonaws.com/v1/pets",
      "type": "string"
    },
    "apigw_key": {
      "value": "vzKIwu5nAXNyCjprGSWUfgR4kPd1oqec7D9iVbFJ",
      "type": "string"
    }
  },
  "resources": [
    {
      "mode": "data",
      "type": "aws_caller_identity",
      "name": "current",
      "provider": "provider[\"registry.terraform.io/hashicorp/aws\"]",
      "instances": [
        {
          "schema_version": 0,
          "attributes": {
            "account_id": "000000000000",
            "arn": "arn:aws:iam::000000000000:root",
            "id": "000000000000",
            "user_id": "AKIAIOSFODNN7EXAMPLE"
          },
          "sensitive_attributes": []
        }
      ]
    },
    {
      "mode": "data",
      "type": "aws_region",
      "name": "current",
      "provider": "provider[\"registry.terraform.io/hashicorp/aws\"]",
      "instances": [
        {
          "schema_version": 0,
          "attributes": {
            "description": "US East (N. Virginia)",
            "endpoint": "ec2.us-east-1.amazonaws.com",
            "id": "us-east-1",
            "name": "us-east-1"
          },
          "sensitive_attributes": []
        }
      ]
    },
    {
      "mode": "managed",
      "type": "aws_api_gateway_account",
      "name": "ApiGatewayAccountSetting",
      "provider": "provider[\"registry.terraform.io/hashicorp/aws\"]",
      "instances": [
        {
          "schema_version": 0,
          "attributes": {
            "api_key_version": "1",
            "cloudwatch_role_arn": "arn:aws:iam::000000000000:role/terraform-20240205194014714700000003",
            "features": [
              "UsagePlans"
            ],
            "id": "api-gateway-account",
            "throttle_settings": [
              {
                "burst_limit": 1000,
                "rate_limit": 500
              }
            ]
          },
          "sensitive_attributes": [],
          "private": "bnVsbA==",
          "dependencies": [
            "aws_iam_role.APIGatewayCloudWatchRole"
          ]
        }
      ]
    },
    {
      "mode": "managed",
      "type": "aws_api_gateway_api_key",
      "name": "MyAPIKey",
      "provider": "provider[\"registry.terraform.io/hashicorp/aws\"]",
      "instances": [
        {
          "schema_version": 0,
          "attributes": {
            "arn": "arn:aws:apigateway:us-east-1::/apikeys/v7zcp9s7qz",
            "created_date": "2024-02-05T19:40:15Z",
            "customer_id": "",
            "description": "Managed by Terraform",
            "enabled": true,
            "id": "v7zcp9s7qz",
            "last_updated_date": "2024-02-05T19:40:15Z",
            "name": "apigw-dynamodb-terraform-api-key",
            "tags": null,
            "tags_all": {},
            "value": "vzKIwu5nAXNyCjprGSWUfgR4kPd1oqec7D9iVbFJ"
          },
          "sensitive_attributes": [],
          "private": "bnVsbA=="
        }
      ]
    },
    {
      "mode": "managed",
      "type": "aws_api_gateway_deployment",
      "name": "MyApiGatewayDeployment",
      "provider": "provider[\"registry.terraform.io/hashicorp/aws\"]",
      "instances": [
        {
          "schema_version": 0,
          "attributes": {
            "created_date": "2024-02-05T19:40:15Z",
            "description": "",
            "execution_arn": "arn:aws:execute-api:us-east-1:000000000000:ch2bmwijk4/",
            "id": "u02klhsogw",
            "invoke_url": "https://ch2bmwijk4.execute-api.us-east-1.amazonaws.com/",
            "rest_api_id": "ch2bmwijk4",
            "stage_description": null,
            "stage_name": null,
            "triggers": null,
            "variables": null
          },
          "sensitive_attributes": [],
          "private": "bnVsbA==",
          "dependencies": [
            "aws_api_gateway_rest_api.MyApiGatewayRestApi",
            "aws_iam_role.APIGWRole",
            "data.aws_region.current"
          ]
        }
      ]
    },
    {
      "mode": "managed",
      "type": "aws_api_gateway_method_settings",
      "name": "MyApiGatewaySetting",
      "provider": "provider[\"registry.terraform.io/hashicorp/aws\"]",
      "instances": [
        {
          "schema_version": 0,
          "attributes": {
            "id": "ch2bmwijk4-v1-*/*",
            "method_path": "*/*",
            "rest_api_id": "ch2bmwijk4",
            "settings": [
              {
                "cache_data_encrypted": false,
                "cache_ttl_in_seconds": 300,
                "caching_enabled": false,
                "data_trace_enabled": false,
                "logging_level": "INFO",
                "metrics_enabled": true,
                "require_authorization_for_cache_control": true,
                "throttling_burst_limit": -1,
                "throttling_rate_limit": -1,
                "unauthorized_cache_control_header_strategy": "SUCCEED_WITH_RESPONSE_HEADER"
              }
            ],
            "stage_name": "v1"
          },
          "sensitive_attributes": [],
          "private": "bnVsbA==",
          "dependencies": [
            "aws_api_gateway_account.ApiGatewayAccountSetting",
            "aws_api_gateway_deployment.MyApiGatewayDeployment",
            "aws_api_gateway_rest_api.MyApiGatewayRestApi",
            "aws_api_gateway_stage.MyApiGatewayStage",
            "aws_cloudwatch_log_group.MyLogGroup",
            "aws_iam_role.APIGWRole",
            "aws_iam_role.APIGatewayCloudWatchRole",
            "data.aws_region.current"
          ]
        }
      ]
    },
    {
      "mode": "managed",
      "type": "aws_api_gateway_rest_api",
      "name": "MyApiGatewayRestApi",
      "provider": "provider[\"registry.terraform.io/hashicorp/aws\"]",
      "instances": [
        {
          "schema_version": 0,
          "attributes": {
            "api_key_source": "HEADER",
            "arn": "arn:aws:apigateway:us-east-1::/restapis/ch2bmwijk4",
            "binary_media_types": [],
            "body": "{\"basePath\":\"/v1\",\"info\":{\"title\":\"APIGW DynamoDB Serverless Pattern Demo\",\"version\":\"2022-03-21T11:36:12Z\"},\"paths\":{\"/pets\":{\"post\":{\"consumes\":[\"application/json\"],\"produces\":[\"application/json\"],\"responses\":{\"200\":{\"description\":\"200 response\"}},\"security\":[{\"api_key\":[]}],\"x-amazon-apigateway-integration\":{\"credentials\":\"arn:aws:iam::000000000000:role/terraform-20240205194014714700000002\",\"httpMethod\":\"POST\",\"passthroughBehavior\":\"when_no_templates\",\"requestTemplates\":{\"application/json\":\"{\\\"TableName\\\":\\\"Pets\\\",\\\"Item\\\":{\\\"id\\\":{\\\"S\\\":\\\"$context.requestId\\\"},\\\"PetType\\\":{\\\"S\\\":\\\"$input.path('$.PetType')\\\"},\\\"PetName\\\":{\\\"S\\\":\\\"$input.path('$.PetName')\\\"},\\\"PetPrice\\\":{\\\"N\\\":\\\"$input.path('$.PetPrice')\\\"},\\\"PetBoolean\\\":{\\\"BOOL\\\":true}}}\"},\"responses\":{\"default\":{\"responseTemplates\":{\"application/json\":\"{}\"},\"statusCode\":\"200\"}},\"type\":\"aws\",\"uri\":\"arn:aws:apigateway:us-east-1:dynamodb:action/PutItem\"}}},\"/pets/{PetType}\":{\"get\":{\"consumes\":[\"application/json\"],\"parameters\":[{\"PetType\":\"string\",\"in\":\"path\",\"name\":\"PetType\",\"required\":true}],\"produces\":[\"application/json\"],\"responses\":{\"200\":{\"description\":\"200 response\"}},\"security\":[{\"api_key\":[]}],\"x-amazon-apigateway-integration\":{\"credentials\":\"arn:aws:iam::000000000000:role/terraform-20240205194014714700000002\",\"httpMethod\":\"POST\",\"passthroughBehavior\":\"when_no_templates\",\"requestParameters\":{\"integration.request.path.PetType\":\"method.request.path.PetType\"},\"requestTemplates\":{\"application/json\":\"{\\\"TableName\\\":\\\"Pets\\\",\\\"IndexName\\\":\\\"PetType-index\\\",\\\"KeyConditionExpression\\\":\\\"PetType=:v1\\\",\\\"ExpressionAttributeValues\\\":{\\\":v1\\\":{\\\"S\\\":\\\"$util.urlDecode($input.params('PetType'))\\\"}}}\"},\"responses\":{\"default\":{\"responseTemplates\":{\"application/json\":\"#set($inputRoot = $input.path('$'))\\n{\\n\\t\\\"pets\\\": [\\n\\t\\t#foreach($field in $inputRoot.Items) {\\n\\t\\t\\t\\\"id\\\": \\\"$field.id.S\\\",\\n\\t\\t\\t\\\"PetType\\\": \\\"$field.PetType.S\\\",\\n\\t\\t\\t\\\"PetName\\\": \\\"$field.PetName.S\\\",\\n\\t\\t\\t\\\"PetPrice\\\": \\\"$field.PetPrice.N\\\"\\n\\t\\t}#if($foreach.hasNext),#end\\n\\t\\t#end\\n\\t]\\n}\"},\"statusCode\":\"200\"}},\"type\":\"aws\",\"uri\":\"arn:aws:apigateway:us-east-1:dynamodb:action/Query\"}}}},\"schemes\":[\"https\"],\"securityDefinitions\":{\"api_key\":{\"in\":\"header\",\"name\":\"x-api-key\",\"type\":\"apiKey\"}},\"swagger\":\"2.0\"}",
            "created_date": "2024-02-05T19:40:15Z",
            "description": "",
            "disable_execute_api_endpoint": false,
            "endpoint_configuration": [
              {
                "types": [
                  "EDGE"
                ],
                "vpc_endpoint_ids": []
              }
            ],
            "execution_arn": "arn:aws:execute-api:us-east-1:000000000000:ch2bmwijk4",
            "fail_on_warnings": null,
            "id": "ch2bmwijk4",
            "minimum_compression_size": "",
            "name": "APIGW DynamoDB Serverless Pattern Demo",
            "parameters": null,
            "policy": "",
            "put_rest_api_mode": null,
            "root_resource_id": "napr78zg5u",
            "tags": null,
            "tags_all": {}
          },
          "sensitive_attributes": [],
          "private": "bnVsbA==",
          "dependencies": [
            "aws_iam_role.APIGWRole",
            "data.aws_region.current"
          ]
        }
      ]
    },
    {
      "mode": "managed",
      "type": "aws_api_gateway_stage",
      "name": "MyApiGatewayStage",
      "provider": "provider[\"registry.terraform.io/hashicorp/aws\"]",
      "instances": [
        {
          "schema_version": 0,
          "attributes": {
            "access_log_settings": [
              {
                "destination_arn": "arn:aws:logs:us-east-1:000000000000:log-group:/aws/APIGW/terraform20240205194014714600000001",
                "format": "{ \"requestId\":\"$context.requestId\", \"ip\": \"$context.identity.sourceIp\", \"requestTime\":\"$context.requestTime\", \"httpMethod\":\"$context.httpMethod\",\"routeKey\":\"$context.routeKey\", \"status\":\"$context.status\",\"protocol\":\"$context.protocol\", \"responseLength\":\"$context.responseLength\" }"
              }
            ],
            "arn": "arn:aws:apigateway:us-east-1::/restapis/ch2bmwijk4/stages/v1",
            "cache_cluster_enabled": false,
            "cache_cluster_size": "",
            "canary_settings": [],
            "client_certificate_id": "",
            "deployment_id": "u02klhsogw",
            "description": "",
            "documentation_version": "",
            "execution_arn": "arn:aws:execute-api:us-east-1:000000000000:ch2bmwijk4/v1",
            "id": "ags-ch2bmwijk4-v1",
            "invoke_url": "https://ch2bmwijk4.execute-api.us-east-1.amazonaws.com/v1",
            "rest_api_id": "ch2bmwijk4",
            "stage_name": "v1",
            "tags": null,
            "tags_all": {},
            "variables": null,
            "web_acl_arn": "",
            "xray_tracing_enabled": false
          },
          "sensitive_attributes": [],
          "private": "bnVsbA==",
          "dependencies": [
            "aws_api_gateway_account.ApiGatewayAccountSetting",
            "aws_api_gateway_deployment.MyApiGatewayDeployment",
            "aws_api_gateway_rest_api.MyApiGatewayRestApi",
            "aws_cloudwatch_log_group.MyLogGroup",
            "aws_iam_role.APIGWRole",
            "aws_iam_role.APIGatewayCloudWatchRole",
            "data.aws_region.current"
          ]
        }
      ]
    },
    {
      "mode": "managed",
      "type": "aws_api_gateway_usage_plan",
      "name": "MyApiGatewayUsagePlan",
      "provider": "provider[\"registry.terraform.io/hashicorp/aws\"]",
      "instances": [
        {
          "schema_version": 0,
          "attributes": {
            "api_stages": [
              {
                "api_id": "ch2bmwijk4",
                "stage": "v1",
                "throttle": []
              }
            ],
            "arn": "arn:aws:apigateway:us-east-1::/usageplans/s3cqfebe8n",
            "description": "",
            "id": "s3cqfebe8n",
            "name": "apigw-dynamodb-terraform-usage-plan",
            "product_code": "",
            "quota_settings": [
              {
                "limit": 1000,
                "offset": 0,
                "period": "MONTH"
              }
            ],
            "tags": null,
            "tags_all": {},
            "throttle_settings": [
              {
                "burst_limit": 20,
                "rate_limit": 100
              }
            ]
          },
          "sensitive_attributes": [],
          "private": "bnVsbA==",
          "dependencies": [
            "aws_api_gateway_account.ApiGatewayAccountSetting",
            "aws_api_gateway_deployment.MyApiGatewayDeployment",
            "aws_api_gateway_rest_api.MyApiGatewayRestApi",
            "aws_api_gateway_stage.MyApiGatewayStage",
            "aws_cloudwatch_log_group.MyLogGroup",
            "aws_iam_role.APIGWRole",
            "aws_iam_role.APIGatewayCloudWatchRole",
            "data.aws_region.current"
          ]
        }
      ]
    },
    {
      "mode": "managed",
      "type": "aws_api_gateway_usage_plan_key",
      "name": "MyAPIGWUsagePlanKey",
      "provider": "provider[\"registry.terraform.io/hashicorp/aws\"]",
      "instances": [
        {
          "schema_version": 0,
          "attributes": {
            "id": "v7zcp9s7qz",
            "key_id": "v7zcp9s7qz",
            "key_type": "API_KEY",
            "name": "apigw-dynamodb-terraform-api-key",
            "usage_plan_id": "s3cqfebe8n",
            "value": "vzKIwu5nAXNyCjprGSWUfgR4kPd1oqec7D9iVbFJ"
          },
          "sensitive_attributes": [],
          "private": "bnVsbA==",
          "dependencies": [
            "aws_api_gateway_account.ApiGatewayAccountSetting",
            "aws_api_gateway_api_key.MyAPIKey",
            "aws_api_gateway_deployment.MyApiGatewayDeployment",
            "aws_api_gateway_rest_api.MyApiGatewayRestApi",
            "aws_api_gateway_stage.MyApiGatewayStage",
            "aws_api_gateway_usage_plan.MyApiGatewayUsagePlan",
            "aws_cloudwatch_log_group.MyLogGroup",
            "aws_iam_role.APIGWRole",
            "aws_iam_role.APIGatewayCloudWatchRole",
            "data.aws_region.current"
          ]
        }
      ]
    },
    {
      "mode": "managed",
      "type": "aws_cloudwatch_log_group",
      "name": "MyLogGroup",
      "provider": "provider[\"registry.terraform.io/hashicorp/aws\"]",
      "instances": [
        {
          "schema_version": 0,
          "attributes": {
            "arn": "arn:aws:logs:us-east-1:000000000000:log-group:/aws/APIGW/terraform20240205194014714600000001",
            "id": "/aws/APIGW/terraform20240205194014714600000001",
            "kms_key_id": "",
            "log_group_class": "",
            "name": "/aws/APIGW/terraform20240205194014714600000001",
            "name_prefix": "/aws/APIGW/terraform",
            "retention_in_days": 0,
            "skip_destroy": false,
            "tags": null,
            "tags_all": {}
          },
          "sensitive_attributes": [],
          "private": "bnVsbA=="
        }
      ]
    },
    {
      "mode": "managed",
      "type": "aws_cloudwatch_log_resource_policy",
      "name": "MyCloudWatchLogPolicy",
      "provider": "provider[\"registry.terraform.io/hashicorp/aws\"]",
      "instances": [
        {
          "schema_version": 0,
          "attributes": {
            "id": "Terraform-CloudWatchLogPolicy-000000000000",
            "policy_document": "{\"Id\":\"CWLogsPolicy\",\"Statement\":[{\"Action\":[\"logs:CreateLogStream\",\"logs:PutLogEvents\"],\"Condition\":{\"ArnEquals\":{\"aws:SourceArn\":\"arn:aws:apigateway:us-east-1::/restapis/ch2bmwijk4\"}},\"Effect\":\"Allow\",\"Principal\":{\"Service\":[\"apigateway.amazonaws.com\",\"delivery.logs.amazonaws.com\"]},\"Resource\":\"arn:aws:logs:us-east-1:000000000000:log-group:/aws/APIGW/terraform20240205194014714600000001\"}],\"Version\":\"2012-10-17\"}",
            "policy_name": "Terraform-CloudWatchLogPolicy-000000000000"
          },
          "sensitive_attributes": [],
          "private": "bnVsbA==",
          "dependencies": [
            "aws_api_gateway_rest_api.MyApiGatewayRestApi",
            "aws_cloudwatch_log_group.MyLogGroup",
            "aws_iam_role.APIGWRole",
            "data.aws_caller_identity.current",
            "data.aws_region.current"
          ]
        }
      ]
    },
    {
      "mode": "managed",
      "type": "aws_dynamodb_table",
      "name": "MyDynamoDBTable",
      "provider": "provider[\"registry.terraform.io/hashicorp/aws\"]",
      "instances": [
        {
          "schema_version": 1,
          "attributes": {
            "arn": "arn:aws:dynamodb:us-east-1:000000000000:table/Pets",
            "attribute": [
              {
                "name": "PetType",
                "type": "S"
              },
              {
                "name": "id",
                "type": "S"
              }
            ],
            "billing_mode": "PROVISIONED",
            "deletion_protection_enabled": false,
            "global_secondary_index": [
              {
                "hash_key": "PetType",
                "name": "PetType-index",
                "non_key_attributes": [
                  "PetName",
                  "PetPrice"
                ],
                "projection_type": "INCLUDE",
                "range_key": "",
                "read_capacity": 5,
                "write_capacity": 5
              }
            ],
            "hash_key": "id",
            "id": "Pets",
            "import_table": [],
            "local_secondary_index": [],
            "name": "Pets",
            "point_in_time_recovery": [
              {
                "enabled": false
              }
            ],
            "range_key": null,
            "read_capacity": 5,
            "replica": [],
            "restore_date_time": null,
            "restore_source_name": null,
            "restore_to_latest_time": null,
            "server_side_encryption": [],
            "stream_arn": "",
            "stream_enabled": false,
            "stream_label": "",
            "stream_view_type": "",
            "table_class": "STANDARD",
            "tags": null,
            "tags_all": {},
            "timeouts": null,
            "ttl": [
              {
                "attribute_name": "",
                "enabled": false
              }
            ],
            "write_capacity": 5
          },
          "sensitive_attributes": [],
          "private": "eyJlMmJmYjczMC1lY2FhLTExZTYtOGY4OC0zNDM2M2JjN2M0YzAiOnsiY3JlYXRlIjoxODAwMDAwMDAwMDAwLCJkZWxldGUiOjYwMDAwMDAwMDAwMCwidXBkYXRlIjozNjAwMDAwMDAwMDAwfSwic2NoZW1hX3ZlcnNpb24iOiIxIn0="
        }
      ]
    },
    {
      "mode": "managed",
      "type": "aws_iam_policy",
      "name": "APIGWPolicy",
      "provider": "provider[\"registry.terraform.io/hashicorp/aws\"]",
      "instances": [
        {
          "schema_version": 0,
          "attributes": {
            "arn": "arn:aws:iam::000000000000:policy/terraform-20240205194016501600000005",
            "description": "",
            "id": "arn:aws:iam::000000000000:policy/terraform-20240205194016501600000005",
            "name": "terraform-20240205194016501600000005",
            "name_prefix": "terraform-",
            "path": "/",
            "policy": "{\"Statement\":[{\"Action\":[\"dynamodb:PutItem\",\"dynamodb:Query\"],\"Effect\":\"Allow\",\"Resource\":[\"arn:aws:dynamodb:us-east-1:000000000000:table/Pets\",\"arn:aws:dynamodb:us-east-1:000000000000:table/Pets/index/*\"]}],\"Version\":\"2012-10-17\"}",
            "policy_id": "AD8P7DFTP9JPBUJPQO9C4",
            "tags": null,
            "tags_all": {}
          },
          "sensitive_attributes": [],
          "private": "bnVsbA==",
          "dependencies": [
            "aws_dynamodb_table.MyDynamoDBTable"
          ]
        }
      ]
    },
    {
      "mode": "managed",
      "type": "aws_iam_role",
      "name": "APIGWRole",
      "provider": "provider[\"registry.terraform.io/hashicorp/aws\"]",
      "instances": [
        {
          "schema_version": 0,
          "attributes": {
            "arn": "arn:aws:iam::000000000000:role/terraform-20240205194014714700000002",
            "assume_role_policy": "{\"Statement\":[{\"Action\":\"sts:AssumeRole\",\"Effect\":\"Allow\",\"Principal\":{\"Service\":\"apigateway.amazonaws.com\"}}],\"Version\":\"2012-10-17\"}",
            "create_date": "2024-02-05T19:40:14Z",
            "description": "",
            "force_detach_policies": false,
            "id": "terraform-20240205194014714700000002",
            "inline_policy": [],
            "managed_policy_arns": [],
            "max_session_duration": 3600,
            "name": "terraform-20240205194014714700000002",
            "name_prefix": "terraform-",
            "path": "/",
            "permissions_boundary": "",
            "tags": null,
            "tags_all": {},
            "unique_id": "AROAQAAAAAAAAPCKLJ327"
          },
          "sensitive_attributes": [],
          "private": "bnVsbA=="
        }
      ]
    },
    {
      "mode": "managed",
      "type": "aws_iam_role",
      "name": "APIGatewayCloudWatchRole",
      "provider": "provider[\"registry.terraform.io/hashicorp/aws\"]",
      "instances": [
        {
          "schema_version": 0,
          "attributes": {
            "arn": "arn:aws:iam::000000000000:role/terraform-20240205194014714700000003",
            "assume_role_policy": "{\"Statement\":[{\"Action\":\"sts:AssumeRole\",\"Effect\":\"Allow\",\"Principal\":{\"Service\":\"apigateway.amazonaws.com\"},\"Sid\":\"\"}],\"Version\":\"2012-10-17\"}",
            "create_date": "2024-02-05T19:40:14Z",
            "description": "",
            "force_detach_policies": false,
            "id": "terraform-20240205194014714700000003",
            "inline_policy": [],
            "managed_policy_arns": [],
            "max_session_duration": 3600,
            "name": "terraform-20240205194014714700000003",
            "name_prefix": "terraform-",
            "path": "/",
            "permissions_boundary": "",
            "tags": null,
            "tags_all": {},
            "unique_id": "AROAQAAAAAAANYFGLS75F"
          },
          "sensitive_attributes": [],
          "private": "bnVsbA=="
        }
      ]
    },
    {
      "mode": "managed",
      "type": "aws_iam_role_policy",
      "name": "APIGatewayCloudWatchPolicy",
      "provider": "provider[\"registry.terraform.io/hashicorp/aws\"]",
      "instances": [
        {
          "schema_version": 0,
          "attributes": {
            "id": "terraform-20240205194014714700000003:terraform-20240205194014827500000004",
            "name": "terraform-20240205194014827500000004",
            "name_prefix": "terraform-",
            "policy": "{\"Version\":\"2012-10-17\",\"Statement\":[{\"Action\":[\"logs:CreateLogGroup\",\"logs:CreateLogStream\",\"logs:DescribeLogGroups\",\"logs:DescribeLogStreams\",\"logs:PutLogEvents\",\"logs:GetLogEvents\",\"logs:FilterLogEvents\"],\"Effect\":\"Allow\",\"Resource\":\"*\"}]}",
            "role": "terraform-20240205194014714700000003"
          },
          "sensitive_attributes": [],
          "private": "bnVsbA==",
          "dependencies": [
            "aws_iam_role.APIGatewayCloudWatchRole"
          ]
        }
      ]
    },
    {
      "mode": "managed",
      "type": "aws_iam_role_policy_attachment",
      "name": "APIGWPolicyAttachment",
      "provider": "provider[\"registry.terraform.io/hashicorp/aws\"]",
      "instances": [
        {
          "schema_version": 0,
          "attributes": {
            "id": "terraform-20240205194014714700000002-20240205194016531000000006",
            "policy_arn": "arn:aws:iam::000000000000:policy/terraform-20240205194016501600000005",
            "role": "terraform-20240205194014714700000002"
          },
          "sensitive_attributes": [],
          "private": "bnVsbA==",
          "dependencies": [
            "aws_dynamodb_table.MyDynamoDBTable",
            "aws_iam_policy.APIGWPolicy",
            "aws_iam_role.APIGWRole"
          ]
        }
      ]
    }
  ],
  "check_results": null
}
